// !$*UTF8*$!
{
	archiveVersion = 1;
	classes = {
	};
	objectVersion = 56;
	objects = {

/* Begin PBXBuildFile section */
		D50447BC2CB01AD4004D8B5E /* DSAOverviewApp.swift in Sources */ = {isa = PBXBuildFile; fileRef = D50447BB2CB01AD4004D8B5E /* DSAOverviewApp.swift */; };
		D50447BE2CB01AD4004D8B5E /* ContentView.swift in Sources */ = {isa = PBXBuildFile; fileRef = D50447BD2CB01AD4004D8B5E /* ContentView.swift */; };
		D50447C02CB01AD6004D8B5E /* Assets.xcassets in Resources */ = {isa = PBXBuildFile; fileRef = D50447BF2CB01AD6004D8B5E /* Assets.xcassets */; };
		D50447C32CB01AD6004D8B5E /* Preview Assets.xcassets in Resources */ = {isa = PBXBuildFile; fileRef = D50447C22CB01AD6004D8B5E /* Preview Assets.xcassets */; };
		D50447CD2CB01AD6004D8B5E /* DSAOverviewTests.swift in Sources */ = {isa = PBXBuildFile; fileRef = D50447CC2CB01AD6004D8B5E /* DSAOverviewTests.swift */; };
		D50447D72CB01AD6004D8B5E /* DSAOverviewUITests.swift in Sources */ = {isa = PBXBuildFile; fileRef = D50447D62CB01AD6004D8B5E /* DSAOverviewUITests.swift */; };
		D50447D92CB01AD6004D8B5E /* DSAOverviewUITestsLaunchTests.swift in Sources */ = {isa = PBXBuildFile; fileRef = D50447D82CB01AD6004D8B5E /* DSAOverviewUITestsLaunchTests.swift */; };
		D50447E72CB01B55004D8B5E /* Stack.swift in Sources */ = {isa = PBXBuildFile; fileRef = D50447E62CB01B55004D8B5E /* Stack.swift */; };
		D50447EA2CB025D4004D8B5E /* MonotonicStack.swift in Sources */ = {isa = PBXBuildFile; fileRef = D50447E92CB025D4004D8B5E /* MonotonicStack.swift */; };
		D50447EE2CB02B7D004D8B5E /* MonotonicStackTests.swift in Sources */ = {isa = PBXBuildFile; fileRef = D50447ED2CB02B7D004D8B5E /* MonotonicStackTests.swift */; };
		D50447F12CB04BFF004D8B5E /* Queue.swift in Sources */ = {isa = PBXBuildFile; fileRef = D50447F02CB04BFF004D8B5E /* Queue.swift */; };
		D50447F42CB04E16004D8B5E /* BinarySearchTree.swift in Sources */ = {isa = PBXBuildFile; fileRef = D50447F32CB04E16004D8B5E /* BinarySearchTree.swift */; };
/* End PBXBuildFile section */

/* Begin PBXContainerItemProxy section */
		D50447C92CB01AD6004D8B5E /* PBXContainerItemProxy */ = {
			isa = PBXContainerItemProxy;
			containerPortal = D50447B02CB01AD3004D8B5E /* Project object */;
			proxyType = 1;
			remoteGlobalIDString = D50447B72CB01AD4004D8B5E;
			remoteInfo = DSAOverview;
		};
		D50447D32CB01AD6004D8B5E /* PBXContainerItemProxy */ = {
			isa = PBXContainerItemProxy;
			containerPortal = D50447B02CB01AD3004D8B5E /* Project object */;
			proxyType = 1;
			remoteGlobalIDString = D50447B72CB01AD4004D8B5E;
			remoteInfo = DSAOverview;
		};
/* End PBXContainerItemProxy section */

/* Begin PBXFileReference section */
		D50447B82CB01AD4004D8B5E /* DSAOverview.app */ = {isa = PBXFileReference; explicitFileType = wrapper.application; includeInIndex = 0; path = DSAOverview.app; sourceTree = BUILT_PRODUCTS_DIR; };
		D50447BB2CB01AD4004D8B5E /* DSAOverviewApp.swift */ = {isa = PBXFileReference; lastKnownFileType = sourcecode.swift; path = DSAOverviewApp.swift; sourceTree = "<group>"; };
		D50447BD2CB01AD4004D8B5E /* ContentView.swift */ = {isa = PBXFileReference; lastKnownFileType = sourcecode.swift; path = ContentView.swift; sourceTree = "<group>"; };
		D50447BF2CB01AD6004D8B5E /* Assets.xcassets */ = {isa = PBXFileReference; lastKnownFileType = folder.assetcatalog; path = Assets.xcassets; sourceTree = "<group>"; };
		D50447C22CB01AD6004D8B5E /* Preview Assets.xcassets */ = {isa = PBXFileReference; lastKnownFileType = folder.assetcatalog; path = "Preview Assets.xcassets"; sourceTree = "<group>"; };
		D50447C82CB01AD6004D8B5E /* DSAOverviewTests.xctest */ = {isa = PBXFileReference; explicitFileType = wrapper.cfbundle; includeInIndex = 0; path = DSAOverviewTests.xctest; sourceTree = BUILT_PRODUCTS_DIR; };
		D50447CC2CB01AD6004D8B5E /* DSAOverviewTests.swift */ = {isa = PBXFileReference; lastKnownFileType = sourcecode.swift; path = DSAOverviewTests.swift; sourceTree = "<group>"; };
		D50447D22CB01AD6004D8B5E /* DSAOverviewUITests.xctest */ = {isa = PBXFileReference; explicitFileType = wrapper.cfbundle; includeInIndex = 0; path = DSAOverviewUITests.xctest; sourceTree = BUILT_PRODUCTS_DIR; };
		D50447D62CB01AD6004D8B5E /* DSAOverviewUITests.swift */ = {isa = PBXFileReference; lastKnownFileType = sourcecode.swift; path = DSAOverviewUITests.swift; sourceTree = "<group>"; };
		D50447D82CB01AD6004D8B5E /* DSAOverviewUITestsLaunchTests.swift */ = {isa = PBXFileReference; lastKnownFileType = sourcecode.swift; path = DSAOverviewUITestsLaunchTests.swift; sourceTree = "<group>"; };
		D50447E62CB01B55004D8B5E /* Stack.swift */ = {isa = PBXFileReference; lastKnownFileType = sourcecode.swift; path = Stack.swift; sourceTree = "<group>"; };
		D50447E92CB025D4004D8B5E /* MonotonicStack.swift */ = {isa = PBXFileReference; lastKnownFileType = sourcecode.swift; path = MonotonicStack.swift; sourceTree = "<group>"; };
		D50447ED2CB02B7D004D8B5E /* MonotonicStackTests.swift */ = {isa = PBXFileReference; lastKnownFileType = sourcecode.swift; path = MonotonicStackTests.swift; sourceTree = "<group>"; };
		D50447F02CB04BFF004D8B5E /* Queue.swift */ = {isa = PBXFileReference; lastKnownFileType = sourcecode.swift; path = Queue.swift; sourceTree = "<group>"; };
		D50447F32CB04E16004D8B5E /* BinarySearchTree.swift */ = {isa = PBXFileReference; lastKnownFileType = sourcecode.swift; path = BinarySearchTree.swift; sourceTree = "<group>"; };
/* End PBXFileReference section */

/* Begin PBXFrameworksBuildPhase section */
		D50447B52CB01AD4004D8B5E /* Frameworks */ = {
			isa = PBXFrameworksBuildPhase;
			buildActionMask = 2147483647;
			files = (
			);
			runOnlyForDeploymentPostprocessing = 0;
		};
		D50447C52CB01AD6004D8B5E /* Frameworks */ = {
			isa = PBXFrameworksBuildPhase;
			buildActionMask = 2147483647;
			files = (
			);
			runOnlyForDeploymentPostprocessing = 0;
		};
		D50447CF2CB01AD6004D8B5E /* Frameworks */ = {
			isa = PBXFrameworksBuildPhase;
			buildActionMask = 2147483647;
			files = (
			);
			runOnlyForDeploymentPostprocessing = 0;
		};
/* End PBXFrameworksBuildPhase section */

/* Begin PBXGroup section */
		D50447AF2CB01AD3004D8B5E = {
			isa = PBXGroup;
			children = (
				D50447BA2CB01AD4004D8B5E /* DSAOverview */,
				D50447CB2CB01AD6004D8B5E /* DSAOverviewTests */,
				D50447D52CB01AD6004D8B5E /* DSAOverviewUITests */,
				D50447B92CB01AD4004D8B5E /* Products */,
			);
			sourceTree = "<group>";
		};
		D50447B92CB01AD4004D8B5E /* Products */ = {
			isa = PBXGroup;
			children = (
				D50447B82CB01AD4004D8B5E /* DSAOverview.app */,
				D50447C82CB01AD6004D8B5E /* DSAOverviewTests.xctest */,
				D50447D22CB01AD6004D8B5E /* DSAOverviewUITests.xctest */,
			);
			name = Products;
			sourceTree = "<group>";
		};
		D50447BA2CB01AD4004D8B5E /* DSAOverview */ = {
			isa = PBXGroup;
			children = (
				D50447F72CB088A6004D8B5E /* DataStructures */,
				D50447BB2CB01AD4004D8B5E /* DSAOverviewApp.swift */,
				D50447BD2CB01AD4004D8B5E /* ContentView.swift */,
				D50447BF2CB01AD6004D8B5E /* Assets.xcassets */,
				D50447C12CB01AD6004D8B5E /* Preview Content */,
			);
			path = DSAOverview;
			sourceTree = "<group>";
		};
		D50447C12CB01AD6004D8B5E /* Preview Content */ = {
			isa = PBXGroup;
			children = (
				D50447C22CB01AD6004D8B5E /* Preview Assets.xcassets */,
			);
			path = "Preview Content";
			sourceTree = "<group>";
		};
		D50447CB2CB01AD6004D8B5E /* DSAOverviewTests */ = {
			isa = PBXGroup;
			children = (
				D50447EC2CB02A4A004D8B5E /* MonotonicStack */,
				D50447EB2CB02A43004D8B5E /* Stack */,
				D50447CC2CB01AD6004D8B5E /* DSAOverviewTests.swift */,
			);
			path = DSAOverviewTests;
			sourceTree = "<group>";
		};
		D50447D52CB01AD6004D8B5E /* DSAOverviewUITests */ = {
			isa = PBXGroup;
			children = (
				D50447D62CB01AD6004D8B5E /* DSAOverviewUITests.swift */,
				D50447D82CB01AD6004D8B5E /* DSAOverviewUITestsLaunchTests.swift */,
			);
			path = DSAOverviewUITests;
			sourceTree = "<group>";
		};
		D50447E52CB01AF9004D8B5E /* Stack */ = {
			isa = PBXGroup;
			children = (
				D50447E62CB01B55004D8B5E /* Stack.swift */,
			);
			path = Stack;
			sourceTree = "<group>";
		};
		D50447E82CB025AF004D8B5E /* MonotonicStack */ = {
			isa = PBXGroup;
			children = (
				D50447E92CB025D4004D8B5E /* MonotonicStack.swift */,
			);
			path = MonotonicStack;
			sourceTree = "<group>";
		};
		D50447EB2CB02A43004D8B5E /* Stack */ = {
			isa = PBXGroup;
			children = (
			);
			path = Stack;
			sourceTree = "<group>";
		};
		D50447EC2CB02A4A004D8B5E /* MonotonicStack */ = {
			isa = PBXGroup;
			children = (
				D50447ED2CB02B7D004D8B5E /* MonotonicStackTests.swift */,
			);
			path = MonotonicStack;
			sourceTree = "<group>";
		};
		D50447EF2CB04BF2004D8B5E /* Queue */ = {
			isa = PBXGroup;
			children = (
				D50447F02CB04BFF004D8B5E /* Queue.swift */,
			);
			path = Queue;
			sourceTree = "<group>";
		};
		D50447F22CB04E02004D8B5E /* BinarySearchTree */ = {
			isa = PBXGroup;
			children = (
				D50447F32CB04E16004D8B5E /* BinarySearchTree.swift */,
			);
			path = BinarySearchTree;
			sourceTree = "<group>";
		};
		D50447F62CB0888A004D8B5E /* Dequeue */ = {
			isa = PBXGroup;
			children = (
			);
			path = Dequeue;
			sourceTree = "<group>";
		};
		D50447F72CB088A6004D8B5E /* DataStructures */ = {
			isa = PBXGroup;
			children = (
				D50447FE2CB090C0004D8B5E /* Queues */,
				D50447FB2CB09065004D8B5E /* Arrays */,
				D50447F92CB088E4004D8B5E /* Linkedlist */,
				D50447F82CB088CB004D8B5E /* Heap */,
				D50447F22CB04E02004D8B5E /* BinarySearchTree */,
			);
			path = DataStructures;
			sourceTree = "<group>";
		};
		D50447F82CB088CB004D8B5E /* Heap */ = {
			isa = PBXGroup;
			children = (
			);
			path = Heap;
			sourceTree = "<group>";
		};
		D50447F92CB088E4004D8B5E /* Linkedlist */ = {
			isa = PBXGroup;
			children = (
			);
			path = Linkedlist;
			sourceTree = "<group>";
		};
		D50447FA2CB08955004D8B5E /* OrderedArray */ = {
			isa = PBXGroup;
			children = (
			);
			path = OrderedArray;
			sourceTree = "<group>";
		};
		D50447FB2CB09065004D8B5E /* Arrays */ = {
			isa = PBXGroup;
			children = (
				D50447FD2CB0907A004D8B5E /* FixedSizeArray */,
				D50447FC2CB0906E004D8B5E /* Array2D */,
				D50447FA2CB08955004D8B5E /* OrderedArray */,
			);
			path = Arrays;
			sourceTree = "<group>";
		};
		D50447FC2CB0906E004D8B5E /* Array2D */ = {
			isa = PBXGroup;
			children = (
			);
			path = Array2D;
			sourceTree = "<group>";
		};
		D50447FD2CB0907A004D8B5E /* FixedSizeArray */ = {
			isa = PBXGroup;
			children = (
			);
			path = FixedSizeArray;
			sourceTree = "<group>";
		};
		D50447FE2CB090C0004D8B5E /* Queues */ = {
			isa = PBXGroup;
			children = (
				D50447E82CB025AF004D8B5E /* MonotonicStack */,
				D50448002CB091B7004D8B5E /* RingBuffer */,
				D50447FF2CB090DC004D8B5E /* PriorityQueue */,
				D50447F62CB0888A004D8B5E /* Dequeue */,
				D50447EF2CB04BF2004D8B5E /* Queue */,
				D50447E52CB01AF9004D8B5E /* Stack */,
			);
			path = Queues;
			sourceTree = "<group>";
		};
		D50447FF2CB090DC004D8B5E /* PriorityQueue */ = {
			isa = PBXGroup;
			children = (
			);
			path = PriorityQueue;
			sourceTree = "<group>";
		};
		D50448002CB091B7004D8B5E /* RingBuffer */ = {
			isa = PBXGroup;
			children = (
			);
			path = RingBuffer;
			sourceTree = "<group>";
		};
/* End PBXGroup section */

/* Begin PBXNativeTarget section */
		D50447B72CB01AD4004D8B5E /* DSAOverview */ = {
			isa = PBXNativeTarget;
			buildConfigurationList = D50447DC2CB01AD6004D8B5E /* Build configuration list for PBXNativeTarget "DSAOverview" */;
			buildPhases = (
				D50447B42CB01AD4004D8B5E /* Sources */,
				D50447B52CB01AD4004D8B5E /* Frameworks */,
				D50447B62CB01AD4004D8B5E /* Resources */,
			);
			buildRules = (
			);
			dependencies = (
			);
			name = DSAOverview;
			productName = DSAOverview;
			productReference = D50447B82CB01AD4004D8B5E /* DSAOverview.app */;
			productType = "com.apple.product-type.application";
		};
		D50447C72CB01AD6004D8B5E /* DSAOverviewTests */ = {
			isa = PBXNativeTarget;
			buildConfigurationList = D50447DF2CB01AD6004D8B5E /* Build configuration list for PBXNativeTarget "DSAOverviewTests" */;
			buildPhases = (
				D50447C42CB01AD6004D8B5E /* Sources */,
				D50447C52CB01AD6004D8B5E /* Frameworks */,
				D50447C62CB01AD6004D8B5E /* Resources */,
			);
			buildRules = (
			);
			dependencies = (
				D50447CA2CB01AD6004D8B5E /* PBXTargetDependency */,
			);
			name = DSAOverviewTests;
			productName = DSAOverviewTests;
			productReference = D50447C82CB01AD6004D8B5E /* DSAOverviewTests.xctest */;
			productType = "com.apple.product-type.bundle.unit-test";
		};
		D50447D12CB01AD6004D8B5E /* DSAOverviewUITests */ = {
			isa = PBXNativeTarget;
			buildConfigurationList = D50447E22CB01AD6004D8B5E /* Build configuration list for PBXNativeTarget "DSAOverviewUITests" */;
			buildPhases = (
				D50447CE2CB01AD6004D8B5E /* Sources */,
				D50447CF2CB01AD6004D8B5E /* Frameworks */,
				D50447D02CB01AD6004D8B5E /* Resources */,
			);
			buildRules = (
			);
			dependencies = (
				D50447D42CB01AD6004D8B5E /* PBXTargetDependency */,
			);
			name = DSAOverviewUITests;
			productName = DSAOverviewUITests;
			productReference = D50447D22CB01AD6004D8B5E /* DSAOverviewUITests.xctest */;
			productType = "com.apple.product-type.bundle.ui-testing";
		};
/* End PBXNativeTarget section */

/* Begin PBXProject section */
		D50447B02CB01AD3004D8B5E /* Project object */ = {
			isa = PBXProject;
			attributes = {
				BuildIndependentTargetsInParallel = 1;
				LastSwiftUpdateCheck = 1500;
				LastUpgradeCheck = 1500;
				TargetAttributes = {
					D50447B72CB01AD4004D8B5E = {
						CreatedOnToolsVersion = 15.0;
					};
					D50447C72CB01AD6004D8B5E = {
						CreatedOnToolsVersion = 15.0;
						TestTargetID = D50447B72CB01AD4004D8B5E;
					};
					D50447D12CB01AD6004D8B5E = {
						CreatedOnToolsVersion = 15.0;
						TestTargetID = D50447B72CB01AD4004D8B5E;
					};
				};
			};
			buildConfigurationList = D50447B32CB01AD3004D8B5E /* Build configuration list for PBXProject "DSAOverview" */;
			compatibilityVersion = "Xcode 14.0";
			developmentRegion = en;
			hasScannedForEncodings = 0;
			knownRegions = (
				en,
				Base,
			);
			mainGroup = D50447AF2CB01AD3004D8B5E;
			productRefGroup = D50447B92CB01AD4004D8B5E /* Products */;
			projectDirPath = "";
			projectRoot = "";
			targets = (
				D50447B72CB01AD4004D8B5E /* DSAOverview */,
				D50447C72CB01AD6004D8B5E /* DSAOverviewTests */,
				D50447D12CB01AD6004D8B5E /* DSAOverviewUITests */,
			);
		};
/* End PBXProject section */

/* Begin PBXResourcesBuildPhase section */
		D50447B62CB01AD4004D8B5E /* Resources */ = {
			isa = PBXResourcesBuildPhase;
			buildActionMask = 2147483647;
			files = (
				D50447C32CB01AD6004D8B5E /* Preview Assets.xcassets in Resources */,
				D50447C02CB01AD6004D8B5E /* Assets.xcassets in Resources */,
			);
			runOnlyForDeploymentPostprocessing = 0;
		};
		D50447C62CB01AD6004D8B5E /* Resources */ = {
			isa = PBXResourcesBuildPhase;
			buildActionMask = 2147483647;
			files = (
			);
			runOnlyForDeploymentPostprocessing = 0;
		};
		D50447D02CB01AD6004D8B5E /* Resources */ = {
			isa = PBXResourcesBuildPhase;
			buildActionMask = 2147483647;
			files = (
			);
			runOnlyForDeploymentPostprocessing = 0;
		};
/* End PBXResourcesBuildPhase section */

/* Begin PBXSourcesBuildPhase section */
		D50447B42CB01AD4004D8B5E /* Sources */ = {
			isa = PBXSourcesBuildPhase;
			buildActionMask = 2147483647;
			files = (
				D50447F12CB04BFF004D8B5E /* Queue.swift in Sources */,
				D50447BE2CB01AD4004D8B5E /* ContentView.swift in Sources */,
				D50447F42CB04E16004D8B5E /* BinarySearchTree.swift in Sources */,
				D50447E72CB01B55004D8B5E /* Stack.swift in Sources */,
				D50447BC2CB01AD4004D8B5E /* DSAOverviewApp.swift in Sources */,
				D50447EA2CB025D4004D8B5E /* MonotonicStack.swift in Sources */,
			);
			runOnlyForDeploymentPostprocessing = 0;
		};
		D50447C42CB01AD6004D8B5E /* Sources */ = {
			isa = PBXSourcesBuildPhase;
			buildActionMask = 2147483647;
			files = (
				D50447CD2CB01AD6004D8B5E /* DSAOverviewTests.swift in Sources */,
				D50447EE2CB02B7D004D8B5E /* MonotonicStackTests.swift in Sources */,
			);
			runOnlyForDeploymentPostprocessing = 0;
		};
		D50447CE2CB01AD6004D8B5E /* Sources */ = {
			isa = PBXSourcesBuildPhase;
			buildActionMask = 2147483647;
			files = (
				D50447D92CB01AD6004D8B5E /* DSAOverviewUITestsLaunchTests.swift in Sources */,
				D50447D72CB01AD6004D8B5E /* DSAOverviewUITests.swift in Sources */,
			);
			runOnlyForDeploymentPostprocessing = 0;
		};
/* End PBXSourcesBuildPhase section */

/* Begin PBXTargetDependency section */
		D50447CA2CB01AD6004D8B5E /* PBXTargetDependency */ = {
			isa = PBXTargetDependency;
			target = D50447B72CB01AD4004D8B5E /* DSAOverview */;
			targetProxy = D50447C92CB01AD6004D8B5E /* PBXContainerItemProxy */;
		};
		D50447D42CB01AD6004D8B5E /* PBXTargetDependency */ = {
			isa = PBXTargetDependency;
			target = D50447B72CB01AD4004D8B5E /* DSAOverview */;
			targetProxy = D50447D32CB01AD6004D8B5E /* PBXContainerItemProxy */;
		};
/* End PBXTargetDependency section */

/* Begin XCBuildConfiguration section */
		D50447DA2CB01AD6004D8B5E /* Debug */ = {
			isa = XCBuildConfiguration;
			buildSettings = {
				ALWAYS_SEARCH_USER_PATHS = NO;
				ASSETCATALOG_COMPILER_GENERATE_SWIFT_ASSET_SYMBOL_EXTENSIONS = YES;
				CLANG_ANALYZER_NONNULL = YES;
				CLANG_ANALYZER_NUMBER_OBJECT_CONVERSION = YES_AGGRESSIVE;
				CLANG_CXX_LANGUAGE_STANDARD = "gnu++20";
				CLANG_ENABLE_MODULES = YES;
				CLANG_ENABLE_OBJC_ARC = YES;
				CLANG_ENABLE_OBJC_WEAK = YES;
				CLANG_WARN_BLOCK_CAPTURE_AUTORELEASING = YES;
				CLANG_WARN_BOOL_CONVERSION = YES;
				CLANG_WARN_COMMA = YES;
				CLANG_WARN_CONSTANT_CONVERSION = YES;
				CLANG_WARN_DEPRECATED_OBJC_IMPLEMENTATIONS = YES;
				CLANG_WARN_DIRECT_OBJC_ISA_USAGE = YES_ERROR;
				CLANG_WARN_DOCUMENTATION_COMMENTS = YES;
				CLANG_WARN_EMPTY_BODY = YES;
				CLANG_WARN_ENUM_CONVERSION = YES;
				CLANG_WARN_INFINITE_RECURSION = YES;
				CLANG_WARN_INT_CONVERSION = YES;
				CLANG_WARN_NON_LITERAL_NULL_CONVERSION = YES;
				CLANG_WARN_OBJC_IMPLICIT_RETAIN_SELF = YES;
				CLANG_WARN_OBJC_LITERAL_CONVERSION = YES;
				CLANG_WARN_OBJC_ROOT_CLASS = YES_ERROR;
				CLANG_WARN_QUOTED_INCLUDE_IN_FRAMEWORK_HEADER = YES;
				CLANG_WARN_RANGE_LOOP_ANALYSIS = YES;
				CLANG_WARN_STRICT_PROTOTYPES = YES;
				CLANG_WARN_SUSPICIOUS_MOVE = YES;
				CLANG_WARN_UNGUARDED_AVAILABILITY = YES_AGGRESSIVE;
				CLANG_WARN_UNREACHABLE_CODE = YES;
				CLANG_WARN__DUPLICATE_METHOD_MATCH = YES;
				COPY_PHASE_STRIP = NO;
				DEBUG_INFORMATION_FORMAT = dwarf;
				ENABLE_STRICT_OBJC_MSGSEND = YES;
				ENABLE_TESTABILITY = YES;
				ENABLE_USER_SCRIPT_SANDBOXING = YES;
				GCC_C_LANGUAGE_STANDARD = gnu17;
				GCC_DYNAMIC_NO_PIC = NO;
				GCC_NO_COMMON_BLOCKS = YES;
				GCC_OPTIMIZATION_LEVEL = 0;
				GCC_PREPROCESSOR_DEFINITIONS = (
					"DEBUG=1",
					"$(inherited)",
				);
				GCC_WARN_64_TO_32_BIT_CONVERSION = YES;
				GCC_WARN_ABOUT_RETURN_TYPE = YES_ERROR;
				GCC_WARN_UNDECLARED_SELECTOR = YES;
				GCC_WARN_UNINITIALIZED_AUTOS = YES_AGGRESSIVE;
				GCC_WARN_UNUSED_FUNCTION = YES;
				GCC_WARN_UNUSED_VARIABLE = YES;
				IPHONEOS_DEPLOYMENT_TARGET = 17.0;
				LOCALIZATION_PREFERS_STRING_CATALOGS = YES;
				MTL_ENABLE_DEBUG_INFO = INCLUDE_SOURCE;
				MTL_FAST_MATH = YES;
				ONLY_ACTIVE_ARCH = YES;
				SDKROOT = iphoneos;
				SWIFT_ACTIVE_COMPILATION_CONDITIONS = "DEBUG $(inherited)";
				SWIFT_OPTIMIZATION_LEVEL = "-Onone";
			};
			name = Debug;
		};
		D50447DB2CB01AD6004D8B5E /* Release */ = {
			isa = XCBuildConfiguration;
			buildSettings = {
				ALWAYS_SEARCH_USER_PATHS = NO;
				ASSETCATALOG_COMPILER_GENERATE_SWIFT_ASSET_SYMBOL_EXTENSIONS = YES;
				CLANG_ANALYZER_NONNULL = YES;
				CLANG_ANALYZER_NUMBER_OBJECT_CONVERSION = YES_AGGRESSIVE;
				CLANG_CXX_LANGUAGE_STANDARD = "gnu++20";
				CLANG_ENABLE_MODULES = YES;
				CLANG_ENABLE_OBJC_ARC = YES;
				CLANG_ENABLE_OBJC_WEAK = YES;
				CLANG_WARN_BLOCK_CAPTURE_AUTORELEASING = YES;
				CLANG_WARN_BOOL_CONVERSION = YES;
				CLANG_WARN_COMMA = YES;
				CLANG_WARN_CONSTANT_CONVERSION = YES;
				CLANG_WARN_DEPRECATED_OBJC_IMPLEMENTATIONS = YES;
				CLANG_WARN_DIRECT_OBJC_ISA_USAGE = YES_ERROR;
				CLANG_WARN_DOCUMENTATION_COMMENTS = YES;
				CLANG_WARN_EMPTY_BODY = YES;
				CLANG_WARN_ENUM_CONVERSION = YES;
				CLANG_WARN_INFINITE_RECURSION = YES;
				CLANG_WARN_INT_CONVERSION = YES;
				CLANG_WARN_NON_LITERAL_NULL_CONVERSION = YES;
				CLANG_WARN_OBJC_IMPLICIT_RETAIN_SELF = YES;
				CLANG_WARN_OBJC_LITERAL_CONVERSION = YES;
				CLANG_WARN_OBJC_ROOT_CLASS = YES_ERROR;
				CLANG_WARN_QUOTED_INCLUDE_IN_FRAMEWORK_HEADER = YES;
				CLANG_WARN_RANGE_LOOP_ANALYSIS = YES;
				CLANG_WARN_STRICT_PROTOTYPES = YES;
				CLANG_WARN_SUSPICIOUS_MOVE = YES;
				CLANG_WARN_UNGUARDED_AVAILABILITY = YES_AGGRESSIVE;
				CLANG_WARN_UNREACHABLE_CODE = YES;
				CLANG_WARN__DUPLICATE_METHOD_MATCH = YES;
				COPY_PHASE_STRIP = NO;
				DEBUG_INFORMATION_FORMAT = "dwarf-with-dsym";
				ENABLE_NS_ASSERTIONS = NO;
				ENABLE_STRICT_OBJC_MSGSEND = YES;
				ENABLE_USER_SCRIPT_SANDBOXING = YES;
				GCC_C_LANGUAGE_STANDARD = gnu17;
				GCC_NO_COMMON_BLOCKS = YES;
				GCC_WARN_64_TO_32_BIT_CONVERSION = YES;
				GCC_WARN_ABOUT_RETURN_TYPE = YES_ERROR;
				GCC_WARN_UNDECLARED_SELECTOR = YES;
				GCC_WARN_UNINITIALIZED_AUTOS = YES_AGGRESSIVE;
				GCC_WARN_UNUSED_FUNCTION = YES;
				GCC_WARN_UNUSED_VARIABLE = YES;
				IPHONEOS_DEPLOYMENT_TARGET = 17.0;
				LOCALIZATION_PREFERS_STRING_CATALOGS = YES;
				MTL_ENABLE_DEBUG_INFO = NO;
				MTL_FAST_MATH = YES;
				SDKROOT = iphoneos;
				SWIFT_COMPILATION_MODE = wholemodule;
				VALIDATE_PRODUCT = YES;
			};
			name = Release;
		};
		D50447DD2CB01AD6004D8B5E /* Debug */ = {
			isa = XCBuildConfiguration;
			buildSettings = {
				ASSETCATALOG_COMPILER_APPICON_NAME = AppIcon;
				ASSETCATALOG_COMPILER_GLOBAL_ACCENT_COLOR_NAME = AccentColor;
				CODE_SIGN_STYLE = Automatic;
				CURRENT_PROJECT_VERSION = 1;
				DEVELOPMENT_ASSET_PATHS = "\"DSAOverview/Preview Content\"";
				DEVELOPMENT_TEAM = FY7LB4LG7Y;
				ENABLE_PREVIEWS = YES;
				GENERATE_INFOPLIST_FILE = YES;
				INFOPLIST_KEY_UIApplicationSceneManifest_Generation = YES;
				INFOPLIST_KEY_UIApplicationSupportsIndirectInputEvents = YES;
				INFOPLIST_KEY_UILaunchScreen_Generation = YES;
				INFOPLIST_KEY_UISupportedInterfaceOrientations_iPad = "UIInterfaceOrientationPortrait UIInterfaceOrientationPortraitUpsideDown UIInterfaceOrientationLandscapeLeft UIInterfaceOrientationLandscapeRight";
				INFOPLIST_KEY_UISupportedInterfaceOrientations_iPhone = "UIInterfaceOrientationPortrait UIInterfaceOrientationLandscapeLeft UIInterfaceOrientationLandscapeRight";
				LD_RUNPATH_SEARCH_PATHS = (
					"$(inherited)",
					"@executable_path/Frameworks",
				);
				MARKETING_VERSION = 1.0;
				PRODUCT_BUNDLE_IDENTIFIER = com.abhilash.DSAOverview;
				PRODUCT_NAME = "$(TARGET_NAME)";
				SWIFT_EMIT_LOC_STRINGS = YES;
				SWIFT_VERSION = 5.0;
				TARGETED_DEVICE_FAMILY = "1,2";
			};
			name = Debug;
		};
		D50447DE2CB01AD6004D8B5E /* Release */ = {
			isa = XCBuildConfiguration;
			buildSettings = {
				ASSETCATALOG_COMPILER_APPICON_NAME = AppIcon;
				ASSETCATALOG_COMPILER_GLOBAL_ACCENT_COLOR_NAME = AccentColor;
				CODE_SIGN_STYLE = Automatic;
				CURRENT_PROJECT_VERSION = 1;
				DEVELOPMENT_ASSET_PATHS = "\"DSAOverview/Preview Content\"";
				DEVELOPMENT_TEAM = FY7LB4LG7Y;
				ENABLE_PREVIEWS = YES;
				GENERATE_INFOPLIST_FILE = YES;
				INFOPLIST_KEY_UIApplicationSceneManifest_Generation = YES;
				INFOPLIST_KEY_UIApplicationSupportsIndirectInputEvents = YES;
				INFOPLIST_KEY_UILaunchScreen_Generation = YES;
				INFOPLIST_KEY_UISupportedInterfaceOrientations_iPad = "UIInterfaceOrientationPortrait UIInterfaceOrientationPortraitUpsideDown UIInterfaceOrientationLandscapeLeft UIInterfaceOrientationLandscapeRight";
				INFOPLIST_KEY_UISupportedInterfaceOrientations_iPhone = "UIInterfaceOrientationPortrait UIInterfaceOrientationLandscapeLeft UIInterfaceOrientationLandscapeRight";
				LD_RUNPATH_SEARCH_PATHS = (
					"$(inherited)",
					"@executable_path/Frameworks",
				);
				MARKETING_VERSION = 1.0;
				PRODUCT_BUNDLE_IDENTIFIER = com.abhilash.DSAOverview;
				PRODUCT_NAME = "$(TARGET_NAME)";
				SWIFT_EMIT_LOC_STRINGS = YES;
				SWIFT_VERSION = 5.0;
				TARGETED_DEVICE_FAMILY = "1,2";
			};
			name = Release;
		};
		D50447E02CB01AD6004D8B5E /* Debug */ = {
			isa = XCBuildConfiguration;
			buildSettings = {
				ALWAYS_EMBED_SWIFT_STANDARD_LIBRARIES = YES;
				BUNDLE_LOADER = "$(TEST_HOST)";
				CODE_SIGN_STYLE = Automatic;
				CURRENT_PROJECT_VERSION = 1;
				DEVELOPMENT_TEAM = FY7LB4LG7Y;
				GENERATE_INFOPLIST_FILE = YES;
				IPHONEOS_DEPLOYMENT_TARGET = 17.0;
				MARKETING_VERSION = 1.0;
				PRODUCT_BUNDLE_IDENTIFIER = com.abhilash.DSAOverviewTests;
				PRODUCT_NAME = "$(TARGET_NAME)";
				SWIFT_EMIT_LOC_STRINGS = NO;
				SWIFT_VERSION = 5.0;
				TARGETED_DEVICE_FAMILY = "1,2";
				TEST_HOST = "$(BUILT_PRODUCTS_DIR)/DSAOverview.app/$(BUNDLE_EXECUTABLE_FOLDER_PATH)/DSAOverview";
			};
			name = Debug;
		};
		D50447E12CB01AD6004D8B5E /* Release */ = {
			isa = XCBuildConfiguration;
			buildSettings = {
				ALWAYS_EMBED_SWIFT_STANDARD_LIBRARIES = YES;
				BUNDLE_LOADER = "$(TEST_HOST)";
				CODE_SIGN_STYLE = Automatic;
				CURRENT_PROJECT_VERSION = 1;
				DEVELOPMENT_TEAM = FY7LB4LG7Y;
				GENERATE_INFOPLIST_FILE = YES;
				IPHONEOS_DEPLOYMENT_TARGET = 17.0;
				MARKETING_VERSION = 1.0;
				PRODUCT_BUNDLE_IDENTIFIER = com.abhilash.DSAOverviewTests;
				PRODUCT_NAME = "$(TARGET_NAME)";
				SWIFT_EMIT_LOC_STRINGS = NO;
				SWIFT_VERSION = 5.0;
				TARGETED_DEVICE_FAMILY = "1,2";
				TEST_HOST = "$(BUILT_PRODUCTS_DIR)/DSAOverview.app/$(BUNDLE_EXECUTABLE_FOLDER_PATH)/DSAOverview";
			};
			name = Release;
		};
		D50447E32CB01AD6004D8B5E /* Debug */ = {
			isa = XCBuildConfiguration;
			buildSettings = {
				ALWAYS_EMBED_SWIFT_STANDARD_LIBRARIES = YES;
				CODE_SIGN_STYLE = Automatic;
				CURRENT_PROJECT_VERSION = 1;
				DEVELOPMENT_TEAM = FY7LB4LG7Y;
				GENERATE_INFOPLIST_FILE = YES;
				MARKETING_VERSION = 1.0;
				PRODUCT_BUNDLE_IDENTIFIER = com.abhilash.DSAOverviewUITests;
				PRODUCT_NAME = "$(TARGET_NAME)";
				SWIFT_EMIT_LOC_STRINGS = NO;
				SWIFT_VERSION = 5.0;
				TARGETED_DEVICE_FAMILY = "1,2";
				TEST_TARGET_NAME = DSAOverview;
			};
			name = Debug;
		};
		D50447E42CB01AD6004D8B5E /* Release */ = {
			isa = XCBuildConfiguration;
			buildSettings = {
				ALWAYS_EMBED_SWIFT_STANDARD_LIBRARIES = YES;
				CODE_SIGN_STYLE = Automatic;
				CURRENT_PROJECT_VERSION = 1;
				DEVELOPMENT_TEAM = FY7LB4LG7Y;
				GENERATE_INFOPLIST_FILE = YES;
				MARKETING_VERSION = 1.0;
				PRODUCT_BUNDLE_IDENTIFIER = com.abhilash.DSAOverviewUITests;
				PRODUCT_NAME = "$(TARGET_NAME)";
				SWIFT_EMIT_LOC_STRINGS = NO;
				SWIFT_VERSION = 5.0;
				TARGETED_DEVICE_FAMILY = "1,2";
				TEST_TARGET_NAME = DSAOverview;
			};
			name = Release;
		};
/* End XCBuildConfiguration section */

/* Begin XCConfigurationList section */
		D50447B32CB01AD3004D8B5E /* Build configuration list for PBXProject "DSAOverview" */ = {
			isa = XCConfigurationList;
			buildConfigurations = (
				D50447DA2CB01AD6004D8B5E /* Debug */,
				D50447DB2CB01AD6004D8B5E /* Release */,
			);
			defaultConfigurationIsVisible = 0;
			defaultConfigurationName = Release;
		};
		D50447DC2CB01AD6004D8B5E /* Build configuration list for PBXNativeTarget "DSAOverview" */ = {
			isa = XCConfigurationList;
			buildConfigurations = (
				D50447DD2CB01AD6004D8B5E /* Debug */,
				D50447DE2CB01AD6004D8B5E /* Release */,
			);
			defaultConfigurationIsVisible = 0;
			defaultConfigurationName = Release;
		};
		D50447DF2CB01AD6004D8B5E /* Build configuration list for PBXNativeTarget "DSAOverviewTests" */ = {
			isa = XCConfigurationList;
			buildConfigurations = (
				D50447E02CB01AD6004D8B5E /* Debug */,
				D50447E12CB01AD6004D8B5E /* Release */,
			);
			defaultConfigurationIsVisible = 0;
			defaultConfigurationName = Release;
		};
		D50447E22CB01AD6004D8B5E /* Build configuration list for PBXNativeTarget "DSAOverviewUITests" */ = {
			isa = XCConfigurationList;
			buildConfigurations = (
				D50447E32CB01AD6004D8B5E /* Debug */,
				D50447E42CB01AD6004D8B5E /* Release */,
			);
			defaultConfigurationIsVisible = 0;
			defaultConfigurationName = Release;
		};
/* End XCConfigurationList section */
	};
	rootObject = D50447B02CB01AD3004D8B5E /* Project object */;
}
